// !$*UTF8*$!
{
	archiveVersion = 1;
	classes = {
	};
	objectVersion = 50;
	objects = {

/* Begin PBXBuildFile section */
		FA168BA42087856C006799AE /* AppDelegate.swift in Sources */ = {isa = PBXBuildFile; fileRef = FA168BA32087856C006799AE /* AppDelegate.swift */; };
		FA168BA62087856C006799AE /* HomeViewController.swift in Sources */ = {isa = PBXBuildFile; fileRef = FA168BA52087856C006799AE /* HomeViewController.swift */; };
		FA168BA92087856C006799AE /* Main.storyboard in Resources */ = {isa = PBXBuildFile; fileRef = FA168BA72087856C006799AE /* Main.storyboard */; };
		FA168BAB2087856E006799AE /* Assets.xcassets in Resources */ = {isa = PBXBuildFile; fileRef = FA168BAA2087856E006799AE /* Assets.xcassets */; };
		FA168BAE2087856E006799AE /* LaunchScreen.storyboard in Resources */ = {isa = PBXBuildFile; fileRef = FA168BAC2087856E006799AE /* LaunchScreen.storyboard */; };
		FA168BBC20878769006799AE /* Thing.swift in Sources */ = {isa = PBXBuildFile; fileRef = FA168BBB20878769006799AE /* Thing.swift */; };
		FA168BBE20878789006799AE /* Listing.swift in Sources */ = {isa = PBXBuildFile; fileRef = FA168BBD20878789006799AE /* Listing.swift */; };
		FA168BC0208787B8006799AE /* Children.swift in Sources */ = {isa = PBXBuildFile; fileRef = FA168BBF208787B8006799AE /* Children.swift */; };
		FA168BC2208787CE006799AE /* Link.swift in Sources */ = {isa = PBXBuildFile; fileRef = FA168BC1208787CE006799AE /* Link.swift */; };
		FA168BC4208788EC006799AE /* RequestService.swift in Sources */ = {isa = PBXBuildFile; fileRef = FA168BC3208788EC006799AE /* RequestService.swift */; };
		FA168BC620878A80006799AE /* HomeViewModel.swift in Sources */ = {isa = PBXBuildFile; fileRef = FA168BC520878A80006799AE /* HomeViewModel.swift */; };
		FA168BC820878AC9006799AE /* ChildTableViewCell.xib in Resources */ = {isa = PBXBuildFile; fileRef = FA168BC720878AC9006799AE /* ChildTableViewCell.xib */; };
		FA168BCA20878EA1006799AE /* DateService.swift in Sources */ = {isa = PBXBuildFile; fileRef = FA168BC920878EA1006799AE /* DateService.swift */; };
		FA168BCC20878F6A006799AE /* ServicesManager.swift in Sources */ = {isa = PBXBuildFile; fileRef = FA168BCB20878F6A006799AE /* ServicesManager.swift */; };
		FA168BCE208897F2006799AE /* ThumbnailViewController.swift in Sources */ = {isa = PBXBuildFile; fileRef = FA168BCD208897F2006799AE /* ThumbnailViewController.swift */; };
		FA168BD020889B0C006799AE /* ChildTableViewCell.swift in Sources */ = {isa = PBXBuildFile; fileRef = FA168BCF20889B0C006799AE /* ChildTableViewCell.swift */; };
		FA168BD220889B80006799AE /* ChildTableViewCellViewModel.swift in Sources */ = {isa = PBXBuildFile; fileRef = FA168BD120889B80006799AE /* ChildTableViewCellViewModel.swift */; };
/* End PBXBuildFile section */

/* Begin PBXFileReference section */
		FA168BA02087856C006799AE /* RedditApp.app */ = {isa = PBXFileReference; explicitFileType = wrapper.application; includeInIndex = 0; path = RedditApp.app; sourceTree = BUILT_PRODUCTS_DIR; };
		FA168BA32087856C006799AE /* AppDelegate.swift */ = {isa = PBXFileReference; lastKnownFileType = sourcecode.swift; path = AppDelegate.swift; sourceTree = "<group>"; };
		FA168BA52087856C006799AE /* HomeViewController.swift */ = {isa = PBXFileReference; lastKnownFileType = sourcecode.swift; path = HomeViewController.swift; sourceTree = "<group>"; };
		FA168BA82087856C006799AE /* Base */ = {isa = PBXFileReference; lastKnownFileType = file.storyboard; name = Base; path = Base.lproj/Main.storyboard; sourceTree = "<group>"; };
		FA168BAA2087856E006799AE /* Assets.xcassets */ = {isa = PBXFileReference; lastKnownFileType = folder.assetcatalog; path = Assets.xcassets; sourceTree = "<group>"; };
		FA168BAD2087856E006799AE /* Base */ = {isa = PBXFileReference; lastKnownFileType = file.storyboard; name = Base; path = Base.lproj/LaunchScreen.storyboard; sourceTree = "<group>"; };
		FA168BAF2087856E006799AE /* Info.plist */ = {isa = PBXFileReference; lastKnownFileType = text.plist.xml; path = Info.plist; sourceTree = "<group>"; };
		FA168BBB20878769006799AE /* Thing.swift */ = {isa = PBXFileReference; lastKnownFileType = sourcecode.swift; path = Thing.swift; sourceTree = "<group>"; };
		FA168BBD20878789006799AE /* Listing.swift */ = {isa = PBXFileReference; lastKnownFileType = sourcecode.swift; path = Listing.swift; sourceTree = "<group>"; };
		FA168BBF208787B8006799AE /* Children.swift */ = {isa = PBXFileReference; lastKnownFileType = sourcecode.swift; path = Children.swift; sourceTree = "<group>"; };
		FA168BC1208787CE006799AE /* Link.swift */ = {isa = PBXFileReference; lastKnownFileType = sourcecode.swift; path = Link.swift; sourceTree = "<group>"; };
		FA168BC3208788EC006799AE /* RequestService.swift */ = {isa = PBXFileReference; lastKnownFileType = sourcecode.swift; path = RequestService.swift; sourceTree = "<group>"; };
		FA168BC520878A80006799AE /* HomeViewModel.swift */ = {isa = PBXFileReference; lastKnownFileType = sourcecode.swift; path = HomeViewModel.swift; sourceTree = "<group>"; };
		FA168BC720878AC9006799AE /* ChildTableViewCell.xib */ = {isa = PBXFileReference; lastKnownFileType = file.xib; path = ChildTableViewCell.xib; sourceTree = "<group>"; };
		FA168BC920878EA1006799AE /* DateService.swift */ = {isa = PBXFileReference; lastKnownFileType = sourcecode.swift; path = DateService.swift; sourceTree = "<group>"; };
		FA168BCB20878F6A006799AE /* ServicesManager.swift */ = {isa = PBXFileReference; lastKnownFileType = sourcecode.swift; path = ServicesManager.swift; sourceTree = "<group>"; };
		FA168BCD208897F2006799AE /* ThumbnailViewController.swift */ = {isa = PBXFileReference; lastKnownFileType = sourcecode.swift; path = ThumbnailViewController.swift; sourceTree = "<group>"; };
		FA168BCF20889B0C006799AE /* ChildTableViewCell.swift */ = {isa = PBXFileReference; lastKnownFileType = sourcecode.swift; path = ChildTableViewCell.swift; sourceTree = "<group>"; };
		FA168BD120889B80006799AE /* ChildTableViewCellViewModel.swift */ = {isa = PBXFileReference; lastKnownFileType = sourcecode.swift; path = ChildTableViewCellViewModel.swift; sourceTree = "<group>"; };
/* End PBXFileReference section */

/* Begin PBXFrameworksBuildPhase section */
		FA168B9D2087856C006799AE /* Frameworks */ = {
			isa = PBXFrameworksBuildPhase;
			buildActionMask = 2147483647;
			files = (
			);
			runOnlyForDeploymentPostprocessing = 0;
		};
/* End PBXFrameworksBuildPhase section */

/* Begin PBXGroup section */
		FA168B972087856C006799AE = {
			isa = PBXGroup;
			children = (
				FA168BA22087856C006799AE /* RedditApp */,
				FA168BA12087856C006799AE /* Products */,
			);
			sourceTree = "<group>";
		};
		FA168BA12087856C006799AE /* Products */ = {
			isa = PBXGroup;
			children = (
				FA168BA02087856C006799AE /* RedditApp.app */,
			);
			name = Products;
			sourceTree = "<group>";
		};
		FA168BA22087856C006799AE /* RedditApp */ = {
			isa = PBXGroup;
			children = (
				FA168BAF2087856E006799AE /* Info.plist */,
				FA168BAA2087856E006799AE /* Assets.xcassets */,
				FA168BBA20878722006799AE /* Models */,
				FA168BB820878616006799AE /* Services */,
				FA168BB5208785DF006799AE /* Storyboards */,
				FA168BB6208785F4006799AE /* Views */,
				FA168BB7208785FA006799AE /* ViewModels */,
				FA168BB920878629006799AE /* ViewControllers */,
				FA168BA32087856C006799AE /* AppDelegate.swift */,
			);
			path = RedditApp;
			sourceTree = "<group>";
		};
		FA168BB5208785DF006799AE /* Storyboards */ = {
			isa = PBXGroup;
			children = (
				FA168BA72087856C006799AE /* Main.storyboard */,
				FA168BAC2087856E006799AE /* LaunchScreen.storyboard */,
			);
			path = Storyboards;
			sourceTree = "<group>";
		};
		FA168BB6208785F4006799AE /* Views */ = {
			isa = PBXGroup;
			children = (
				FA168BCF20889B0C006799AE /* ChildTableViewCell.swift */,
				FA168BC720878AC9006799AE /* ChildTableViewCell.xib */,
			);
			path = Views;
			sourceTree = "<group>";
		};
		FA168BB7208785FA006799AE /* ViewModels */ = {
			isa = PBXGroup;
			children = (
				FA168BC520878A80006799AE /* HomeViewModel.swift */,
				FA168BD120889B80006799AE /* ChildTableViewCellViewModel.swift */,
			);
			path = ViewModels;
			sourceTree = "<group>";
		};
		FA168BB820878616006799AE /* Services */ = {
			isa = PBXGroup;
			children = (
				FA168BCB20878F6A006799AE /* ServicesManager.swift */,
				FA168BC3208788EC006799AE /* RequestService.swift */,
				FA168BC920878EA1006799AE /* DateService.swift */,
			);
			path = Services;
			sourceTree = "<group>";
		};
		FA168BB920878629006799AE /* ViewControllers */ = {
			isa = PBXGroup;
			children = (
				FA168BA52087856C006799AE /* HomeViewController.swift */,
				FA168BCD208897F2006799AE /* ThumbnailViewController.swift */,
			);
			path = ViewControllers;
			sourceTree = "<group>";
		};
		FA168BBA20878722006799AE /* Models */ = {
			isa = PBXGroup;
			children = (
				FA168BBB20878769006799AE /* Thing.swift */,
				FA168BBD20878789006799AE /* Listing.swift */,
				FA168BBF208787B8006799AE /* Children.swift */,
				FA168BC1208787CE006799AE /* Link.swift */,
			);
			path = Models;
			sourceTree = "<group>";
		};
/* End PBXGroup section */

/* Begin PBXNativeTarget section */
		FA168B9F2087856C006799AE /* RedditApp */ = {
			isa = PBXNativeTarget;
			buildConfigurationList = FA168BB22087856E006799AE /* Build configuration list for PBXNativeTarget "RedditApp" */;
			buildPhases = (
				FA168B9C2087856C006799AE /* Sources */,
				FA168B9D2087856C006799AE /* Frameworks */,
				FA168B9E2087856C006799AE /* Resources */,
			);
			buildRules = (
			);
			dependencies = (
			);
			name = RedditApp;
			productName = RedditApp;
			productReference = FA168BA02087856C006799AE /* RedditApp.app */;
			productType = "com.apple.product-type.application";
		};
/* End PBXNativeTarget section */

/* Begin PBXProject section */
		FA168B982087856C006799AE /* Project object */ = {
			isa = PBXProject;
			attributes = {
				LastSwiftUpdateCheck = 0930;
				LastUpgradeCheck = 0930;
				ORGANIZATIONNAME = "David Collazo";
				TargetAttributes = {
					FA168B9F2087856C006799AE = {
						CreatedOnToolsVersion = 9.3;
					};
				};
			};
			buildConfigurationList = FA168B9B2087856C006799AE /* Build configuration list for PBXProject "RedditApp" */;
			compatibilityVersion = "Xcode 9.3";
			developmentRegion = en;
			hasScannedForEncodings = 0;
			knownRegions = (
				en,
				Base,
			);
			mainGroup = FA168B972087856C006799AE;
			productRefGroup = FA168BA12087856C006799AE /* Products */;
			projectDirPath = "";
			projectRoot = "";
			targets = (
				FA168B9F2087856C006799AE /* RedditApp */,
			);
		};
/* End PBXProject section */

/* Begin PBXResourcesBuildPhase section */
		FA168B9E2087856C006799AE /* Resources */ = {
			isa = PBXResourcesBuildPhase;
			buildActionMask = 2147483647;
			files = (
				FA168BAE2087856E006799AE /* LaunchScreen.storyboard in Resources */,
				FA168BAB2087856E006799AE /* Assets.xcassets in Resources */,
				FA168BC820878AC9006799AE /* ChildTableViewCell.xib in Resources */,
				FA168BA92087856C006799AE /* Main.storyboard in Resources */,
			);
			runOnlyForDeploymentPostprocessing = 0;
		};
/* End PBXResourcesBuildPhase section */

/* Begin PBXSourcesBuildPhase section */
		FA168B9C2087856C006799AE /* Sources */ = {
			isa = PBXSourcesBuildPhase;
			buildActionMask = 2147483647;
			files = (
				FA168BD220889B80006799AE /* ChildTableViewCellViewModel.swift in Sources */,
				FA168BCA20878EA1006799AE /* DateService.swift in Sources */,
				FA168BCC20878F6A006799AE /* ServicesManager.swift in Sources */,
				FA168BC4208788EC006799AE /* RequestService.swift in Sources */,
				FA168BA62087856C006799AE /* HomeViewController.swift in Sources */,
				FA168BBC20878769006799AE /* Thing.swift in Sources */,
				FA168BC620878A80006799AE /* HomeViewModel.swift in Sources */,
				FA168BC0208787B8006799AE /* Children.swift in Sources */,
				FA168BC2208787CE006799AE /* Link.swift in Sources */,
				FA168BBE20878789006799AE /* Listing.swift in Sources */,
				FA168BCE208897F2006799AE /* ThumbnailViewController.swift in Sources */,
				FA168BD020889B0C006799AE /* ChildTableViewCell.swift in Sources */,
				FA168BA42087856C006799AE /* AppDelegate.swift in Sources */,
			);
			runOnlyForDeploymentPostprocessing = 0;
		};
/* End PBXSourcesBuildPhase section */

/* Begin PBXVariantGroup section */
		FA168BA72087856C006799AE /* Main.storyboard */ = {
			isa = PBXVariantGroup;
			children = (
				FA168BA82087856C006799AE /* Base */,
			);
			name = Main.storyboard;
			sourceTree = "<group>";
		};
		FA168BAC2087856E006799AE /* LaunchScreen.storyboard */ = {
			isa = PBXVariantGroup;
			children = (
				FA168BAD2087856E006799AE /* Base */,
			);
			name = LaunchScreen.storyboard;
			sourceTree = "<group>";
		};
/* End PBXVariantGroup section */

/* Begin XCBuildConfiguration section */
		FA168BB02087856E006799AE /* Debug */ = {
			isa = XCBuildConfiguration;
			buildSettings = {
				ALWAYS_SEARCH_USER_PATHS = NO;
				CLANG_ANALYZER_NONNULL = YES;
				CLANG_ANALYZER_NUMBER_OBJECT_CONVERSION = YES_AGGRESSIVE;
				CLANG_CXX_LANGUAGE_STANDARD = "gnu++14";
				CLANG_CXX_LIBRARY = "libc++";
				CLANG_ENABLE_MODULES = YES;
				CLANG_ENABLE_OBJC_ARC = YES;
				CLANG_ENABLE_OBJC_WEAK = YES;
				CLANG_WARN_BLOCK_CAPTURE_AUTORELEASING = YES;
				CLANG_WARN_BOOL_CONVERSION = YES;
				CLANG_WARN_COMMA = YES;
				CLANG_WARN_CONSTANT_CONVERSION = YES;
				CLANG_WARN_DEPRECATED_OBJC_IMPLEMENTATIONS = YES;
				CLANG_WARN_DIRECT_OBJC_ISA_USAGE = YES_ERROR;
				CLANG_WARN_DOCUMENTATION_COMMENTS = YES;
				CLANG_WARN_EMPTY_BODY = YES;
				CLANG_WARN_ENUM_CONVERSION = YES;
				CLANG_WARN_INFINITE_RECURSION = YES;
				CLANG_WARN_INT_CONVERSION = YES;
				CLANG_WARN_NON_LITERAL_NULL_CONVERSION = YES;
				CLANG_WARN_OBJC_IMPLICIT_RETAIN_SELF = YES;
				CLANG_WARN_OBJC_LITERAL_CONVERSION = YES;
				CLANG_WARN_OBJC_ROOT_CLASS = YES_ERROR;
				CLANG_WARN_RANGE_LOOP_ANALYSIS = YES;
				CLANG_WARN_STRICT_PROTOTYPES = YES;
				CLANG_WARN_SUSPICIOUS_MOVE = YES;
				CLANG_WARN_UNGUARDED_AVAILABILITY = YES_AGGRESSIVE;
				CLANG_WARN_UNREACHABLE_CODE = YES;
				CLANG_WARN__DUPLICATE_METHOD_MATCH = YES;
				CODE_SIGN_IDENTITY = "iPhone Developer";
				COPY_PHASE_STRIP = NO;
				DEBUG_INFORMATION_FORMAT = dwarf;
				ENABLE_STRICT_OBJC_MSGSEND = YES;
				ENABLE_TESTABILITY = YES;
				GCC_C_LANGUAGE_STANDARD = gnu11;
				GCC_DYNAMIC_NO_PIC = NO;
				GCC_NO_COMMON_BLOCKS = YES;
				GCC_OPTIMIZATION_LEVEL = 0;
				GCC_PREPROCESSOR_DEFINITIONS = (
					"DEBUG=1",
					"$(inherited)",
				);
				GCC_WARN_64_TO_32_BIT_CONVERSION = YES;
				GCC_WARN_ABOUT_RETURN_TYPE = YES_ERROR;
				GCC_WARN_UNDECLARED_SELECTOR = YES;
				GCC_WARN_UNINITIALIZED_AUTOS = YES_AGGRESSIVE;
				GCC_WARN_UNUSED_FUNCTION = YES;
				GCC_WARN_UNUSED_VARIABLE = YES;
				IPHONEOS_DEPLOYMENT_TARGET = 11.3;
				MTL_ENABLE_DEBUG_INFO = YES;
				ONLY_ACTIVE_ARCH = YES;
				SDKROOT = iphoneos;
				SWIFT_ACTIVE_COMPILATION_CONDITIONS = DEBUG;
				SWIFT_OPTIMIZATION_LEVEL = "-Onone";
			};
			name = Debug;
		};
		FA168BB12087856E006799AE /* Release */ = {
			isa = XCBuildConfiguration;
			buildSettings = {
				ALWAYS_SEARCH_USER_PATHS = NO;
				CLANG_ANALYZER_NONNULL = YES;
				CLANG_ANALYZER_NUMBER_OBJECT_CONVERSION = YES_AGGRESSIVE;
				CLANG_CXX_LANGUAGE_STANDARD = "gnu++14";
				CLANG_CXX_LIBRARY = "libc++";
				CLANG_ENABLE_MODULES = YES;
				CLANG_ENABLE_OBJC_ARC = YES;
				CLANG_ENABLE_OBJC_WEAK = YES;
				CLANG_WARN_BLOCK_CAPTURE_AUTORELEASING = YES;
				CLANG_WARN_BOOL_CONVERSION = YES;
				CLANG_WARN_COMMA = YES;
				CLANG_WARN_CONSTANT_CONVERSION = YES;
				CLANG_WARN_DEPRECATED_OBJC_IMPLEMENTATIONS = YES;
				CLANG_WARN_DIRECT_OBJC_ISA_USAGE = YES_ERROR;
				CLANG_WARN_DOCUMENTATION_COMMENTS = YES;
				CLANG_WARN_EMPTY_BODY = YES;
				CLANG_WARN_ENUM_CONVERSION = YES;
				CLANG_WARN_INFINITE_RECURSION = YES;
				CLANG_WARN_INT_CONVERSION = YES;
				CLANG_WARN_NON_LITERAL_NULL_CONVERSION = YES;
				CLANG_WARN_OBJC_IMPLICIT_RETAIN_SELF = YES;
				CLANG_WARN_OBJC_LITERAL_CONVERSION = YES;
				CLANG_WARN_OBJC_ROOT_CLASS = YES_ERROR;
				CLANG_WARN_RANGE_LOOP_ANALYSIS = YES;
				CLANG_WARN_STRICT_PROTOTYPES = YES;
				CLANG_WARN_SUSPICIOUS_MOVE = YES;
				CLANG_WARN_UNGUARDED_AVAILABILITY = YES_AGGRESSIVE;
				CLANG_WARN_UNREACHABLE_CODE = YES;
				CLANG_WARN__DUPLICATE_METHOD_MATCH = YES;
				CODE_SIGN_IDENTITY = "iPhone Developer";
				COPY_PHASE_STRIP = NO;
				DEBUG_INFORMATION_FORMAT = "dwarf-with-dsym";
				ENABLE_NS_ASSERTIONS = NO;
				ENABLE_STRICT_OBJC_MSGSEND = YES;
				GCC_C_LANGUAGE_STANDARD = gnu11;
				GCC_NO_COMMON_BLOCKS = YES;
				GCC_WARN_64_TO_32_BIT_CONVERSION = YES;
				GCC_WARN_ABOUT_RETURN_TYPE = YES_ERROR;
				GCC_WARN_UNDECLARED_SELECTOR = YES;
				GCC_WARN_UNINITIALIZED_AUTOS = YES_AGGRESSIVE;
				GCC_WARN_UNUSED_FUNCTION = YES;
				GCC_WARN_UNUSED_VARIABLE = YES;
				IPHONEOS_DEPLOYMENT_TARGET = 11.3;
				MTL_ENABLE_DEBUG_INFO = NO;
				SDKROOT = iphoneos;
				SWIFT_COMPILATION_MODE = wholemodule;
				SWIFT_OPTIMIZATION_LEVEL = "-O";
				VALIDATE_PRODUCT = YES;
			};
			name = Release;
		};
		FA168BB32087856E006799AE /* Debug */ = {
			isa = XCBuildConfiguration;
			buildSettings = {
				ASSETCATALOG_COMPILER_APPICON_NAME = AppIcon;
				CODE_SIGN_STYLE = Automatic;
				INFOPLIST_FILE = RedditApp/Info.plist;
				LD_RUNPATH_SEARCH_PATHS = (
					"$(inherited)",
					"@executable_path/Frameworks",
				);
				PRODUCT_BUNDLE_IDENTIFIER = com.davidcollazo.RedditApp;
				PRODUCT_NAME = "$(TARGET_NAME)";
				SWIFT_VERSION = 4.0;
				TARGETED_DEVICE_FAMILY = "1,2";
			};
			name = Debug;
		};
		FA168BB42087856E006799AE /* Release */ = {
			isa = XCBuildConfiguration;
			buildSettings = {
				ASSETCATALOG_COMPILER_APPICON_NAME = AppIcon;
				CODE_SIGN_STYLE = Automatic;
				INFOPLIST_FILE = RedditApp/Info.plist;
				LD_RUNPATH_SEARCH_PATHS = (
					"$(inherited)",
					"@executable_path/Frameworks",
				);
				PRODUCT_BUNDLE_IDENTIFIER = com.davidcollazo.RedditApp;
				PRODUCT_NAME = "$(TARGET_NAME)";
				SWIFT_VERSION = 4.0;
				TARGETED_DEVICE_FAMILY = "1,2";
			};
			name = Release;
		};
/* End XCBuildConfiguration section */

/* Begin XCConfigurationList section */
		FA168B9B2087856C006799AE /* Build configuration list for PBXProject "RedditApp" */ = {
			isa = XCConfigurationList;
			buildConfigurations = (
				FA168BB02087856E006799AE /* Debug */,
				FA168BB12087856E006799AE /* Release */,
			);
			defaultConfigurationIsVisible = 0;
			defaultConfigurationName = Release;
		};
		FA168BB22087856E006799AE /* Build configuration list for PBXNativeTarget "RedditApp" */ = {
			isa = XCConfigurationList;
			buildConfigurations = (
				FA168BB32087856E006799AE /* Debug */,
				FA168BB42087856E006799AE /* Release */,
			);
			defaultConfigurationIsVisible = 0;
			defaultConfigurationName = Release;
		};
/* End XCConfigurationList section */
	};
	rootObject = FA168B982087856C006799AE /* Project object */;
}
